
Microsoft Visual Studio Solution File, Format Version 12.00
# Visual Studio Version 16
VisualStudioVersion = 16.0.31624.102
MinimumVisualStudioVersion = 10.0.40219.1
Project("{FAE04EC0-301F-11D3-BF4B-00C04F79EFBC}") = "LCWebApp", "LCWebApp.csproj", "{F0C9E066-DFC9-4885-83E5-C95371026306}"
EndProject
Global
	GlobalSection(SolutionConfigurationPlatforms) = preSolution
		Debug|Any CPU = Debug|Any CPU
		Release|Any CPU = Release|Any CPU
	EndGlobalSection
	GlobalSection(ProjectConfigurationPlatforms) = postSolution
		{F0C9E066-DFC9-4885-83E5-C95371026306}.Debug|Any CPU.ActiveCfg = Debug|Any CPU
		{F0C9E066-DFC9-4885-83E5-C95371026306}.Debug|Any CPU.Build.0 = Debug|Any CPU
		{F0C9E066-DFC9-4885-83E5-C95371026306}.Release|Any CPU.ActiveCfg = Release|Any CPU
		{F0C9E066-DFC9-4885-83E5-C95371026306}.Release|Any CPU.Build.0 = Release|Any CPU
	EndGlobalSection
	GlobalSection(SolutionProperties) = preSolution
		HideSolutionNode = FALSE
	EndGlobalSection
	GlobalSection(ExtensibilityGlobals) = postSolution
		SolutionGuid = {228F495D-BB29-41D8-8420-30D6D8B43BB8}
	EndGlobalSection
EndGlobal
